// !$*UTF8*$!
{
	archiveVersion = 1;
	classes = {
	};
	objectVersion = 55;
	objects = {

/* Begin PBXBuildFile section */
		811FC88CC6FD5651833E2209 /* Pods_ZEGOCallDemo.framework in Frameworks */ = {isa = PBXBuildFile; fileRef = 55A62E6D598ECA438B1684C8 /* Pods_ZEGOCallDemo.framework */; };
		86718CA427915A0B00CEA8A0 /* DefaultRefreshView.swift in Sources */ = {isa = PBXBuildFile; fileRef = 86718CA327915A0B00CEA8A0 /* DefaultRefreshView.swift */; };
		86718CA627915A5D00CEA8A0 /* RefreshViewAnimator.swift in Sources */ = {isa = PBXBuildFile; fileRef = 86718CA527915A5D00CEA8A0 /* RefreshViewAnimator.swift */; };
		86718CA827915A8F00CEA8A0 /* DefaultViewAnimator.swift in Sources */ = {isa = PBXBuildFile; fileRef = 86718CA727915A8F00CEA8A0 /* DefaultViewAnimator.swift */; };
		86718CAA27915AC100CEA8A0 /* State.swift in Sources */ = {isa = PBXBuildFile; fileRef = 86718CA927915AC100CEA8A0 /* State.swift */; };
		86718CAC27915ADE00CEA8A0 /* PullToRefresh.swift in Sources */ = {isa = PBXBuildFile; fileRef = 86718CAB27915ADE00CEA8A0 /* PullToRefresh.swift */; };
		86718CAE27915B2B00CEA8A0 /* UIScrollView+PullToRefresh.swift in Sources */ = {isa = PBXBuildFile; fileRef = 86718CAD27915B2B00CEA8A0 /* UIScrollView+PullToRefresh.swift */; };
		86718CD927953E1700CEA8A0 /* RequestMananger.swift in Sources */ = {isa = PBXBuildFile; fileRef = 86718CD827953E1700CEA8A0 /* RequestMananger.swift */; };
		86718CDB27953E6400CEA8A0 /* UserIDReauest.swift in Sources */ = {isa = PBXBuildFile; fileRef = 86718CDA27953E6400CEA8A0 /* UserIDReauest.swift */; };
		86718CDD2795401B00CEA8A0 /* UserInfoList.swift in Sources */ = {isa = PBXBuildFile; fileRef = 86718CDC2795401B00CEA8A0 /* UserInfoList.swift */; };
		86718CDF279540EB00CEA8A0 /* UserListRequest.swift in Sources */ = {isa = PBXBuildFile; fileRef = 86718CDE279540EB00CEA8A0 /* UserListRequest.swift */; };
		86718CE12795421200CEA8A0 /* LoginRequest.swift in Sources */ = {isa = PBXBuildFile; fileRef = 86718CE02795421200CEA8A0 /* LoginRequest.swift */; };
		86718CE3279542B100CEA8A0 /* LogoutRequest.swift in Sources */ = {isa = PBXBuildFile; fileRef = 86718CE2279542B100CEA8A0 /* LogoutRequest.swift */; };
		86718CE5279542E300CEA8A0 /* HeartBeatRequest.swift in Sources */ = {isa = PBXBuildFile; fileRef = 86718CE4279542E300CEA8A0 /* HeartBeatRequest.swift */; };
		86718CE727955A0900CEA8A0 /* UserListService.swift in Sources */ = {isa = PBXBuildFile; fileRef = 86718CE627955A0900CEA8A0 /* UserListService.swift */; };
		86718D2D2797E56D00CEA8A0 /* ProviderDelegate.swift in Sources */ = {isa = PBXBuildFile; fileRef = 86718D2C2797E56D00CEA8A0 /* ProviderDelegate.swift */; };
		86B19892278BDD7D0004C997 /* AppDelegate.swift in Sources */ = {isa = PBXBuildFile; fileRef = 86B19891278BDD7D0004C997 /* AppDelegate.swift */; };
		86B19894278BDD7E0004C997 /* SceneDelegate.swift in Sources */ = {isa = PBXBuildFile; fileRef = 86B19893278BDD7E0004C997 /* SceneDelegate.swift */; };
		86B19896278BDD7E0004C997 /* LoginVC.swift in Sources */ = {isa = PBXBuildFile; fileRef = 86B19895278BDD7E0004C997 /* LoginVC.swift */; };
		86B19899278BDD7E0004C997 /* Main.storyboard in Resources */ = {isa = PBXBuildFile; fileRef = 86B19897278BDD7E0004C997 /* Main.storyboard */; };
		86B1989B278BDD7F0004C997 /* Assets.xcassets in Resources */ = {isa = PBXBuildFile; fileRef = 86B1989A278BDD7F0004C997 /* Assets.xcassets */; };
		86B1989E278BDD7F0004C997 /* LaunchScreen.storyboard in Resources */ = {isa = PBXBuildFile; fileRef = 86B1989C278BDD7F0004C997 /* LaunchScreen.storyboard */; };
		86B198AB278BE1C60004C997 /* AppCenter.json in Resources */ = {isa = PBXBuildFile; fileRef = 86B198A8278BE1C60004C997 /* AppCenter.json */; };
		86B198AC278BE1C60004C997 /* AppCenter.swift in Sources */ = {isa = PBXBuildFile; fileRef = 86B198A9278BE1C60004C997 /* AppCenter.swift */; };
		86B198D1278BE2600004C997 /* NetworkManager.swift in Sources */ = {isa = PBXBuildFile; fileRef = 86B198AE278BE25F0004C997 /* NetworkManager.swift */; };
		86B198D2278BE2600004C997 /* Request.swift in Sources */ = {isa = PBXBuildFile; fileRef = 86B198AF278BE25F0004C997 /* Request.swift */; };
		86B198D3278BE2600004C997 /* RequestStatus.swift in Sources */ = {isa = PBXBuildFile; fileRef = 86B198B0278BE25F0004C997 /* RequestStatus.swift */; };
		86B198D4278BE2600004C997 /* String+Stream.swift in Sources */ = {isa = PBXBuildFile; fileRef = 86B198B2278BE25F0004C997 /* String+Stream.swift */; };
		86B198D5278BE2600004C997 /* Result+Zego.swift in Sources */ = {isa = PBXBuildFile; fileRef = 86B198B3278BE25F0004C997 /* Result+Zego.swift */; };
		86B198D6278BE2600004C997 /* UserService+Util.swift in Sources */ = {isa = PBXBuildFile; fileRef = 86B198B6278BE25F0004C997 /* UserService+Util.swift */; };
		86B198D7278BE2600004C997 /* UserService+Paramater.swift in Sources */ = {isa = PBXBuildFile; fileRef = 86B198B7278BE25F0004C997 /* UserService+Paramater.swift */; };
		86B198D8278BE2600004C997 /* RoomService+Private.swift in Sources */ = {isa = PBXBuildFile; fileRef = 86B198B8278BE25F0004C997 /* RoomService+Private.swift */; };
		86B198D9278BE2600004C997 /* RoomManager.swift in Sources */ = {isa = PBXBuildFile; fileRef = 86B198BA278BE25F0004C997 /* RoomManager.swift */; };
		86B198DA278BE2600004C997 /* ZIMManager.swift in Sources */ = {isa = PBXBuildFile; fileRef = 86B198BB278BE25F0004C997 /* ZIMManager.swift */; };
		86B198DB278BE2600004C997 /* Define.swift in Sources */ = {isa = PBXBuildFile; fileRef = 86B198BC278BE25F0004C997 /* Define.swift */; };
		86B198DC278BE2600004C997 /* UserInfo.swift in Sources */ = {isa = PBXBuildFile; fileRef = 86B198BE278BE25F0004C997 /* UserInfo.swift */; };
		86B198DE278BE2600004C997 /* CustomCommand.swift in Sources */ = {isa = PBXBuildFile; fileRef = 86B198C0278BE25F0004C997 /* CustomCommand.swift */; };
		86B198DF278BE2600004C997 /* RoomInfoList.swift in Sources */ = {isa = PBXBuildFile; fileRef = 86B198C1278BE25F0004C997 /* RoomInfoList.swift */; };
		86B198E0278BE2600004C997 /* RoomInfo.swift in Sources */ = {isa = PBXBuildFile; fileRef = 86B198C2278BE25F0004C997 /* RoomInfo.swift */; };
		86B198E4278BE2600004C997 /* UserService.swift in Sources */ = {isa = PBXBuildFile; fileRef = 86B198C7278BE25F0004C997 /* UserService.swift */; };
		86B198E6278BE2600004C997 /* RoomService.swift in Sources */ = {isa = PBXBuildFile; fileRef = 86B198C9278BE25F0004C997 /* RoomService.swift */; };
		86B198EB278BE2600004C997 /* DictionaryArray.swift in Sources */ = {isa = PBXBuildFile; fileRef = 86B198CF278BE2600004C997 /* DictionaryArray.swift */; };
		86B198EC278BE2600004C997 /* ZegoJsonTool.swift in Sources */ = {isa = PBXBuildFile; fileRef = 86B198D0278BE2600004C997 /* ZegoJsonTool.swift */; };
		86B198EE278D27A80004C997 /* OperationCommand.swift in Sources */ = {isa = PBXBuildFile; fileRef = 86B198ED278D27A80004C997 /* OperationCommand.swift */; };
		86B198F2278D57B00004C997 /* HomeVC.swift in Sources */ = {isa = PBXBuildFile; fileRef = 86B198F1278D57B00004C997 /* HomeVC.swift */; };
		86B198F6278D625F0004C997 /* SettingsVC.swift in Sources */ = {isa = PBXBuildFile; fileRef = 86B198F4278D625F0004C997 /* SettingsVC.swift */; };
		86B198F7278D625F0004C997 /* SettingCellModel.swift in Sources */ = {isa = PBXBuildFile; fileRef = 86B198F5278D625F0004C997 /* SettingCellModel.swift */; };
		86B1994F278D63440004C997 /* ZegoToken.mm in Sources */ = {isa = PBXBuildFile; fileRef = 86B198FD278D63430004C997 /* ZegoToken.mm */; };
		86B19950278D63440004C997 /* ZegoRTCServerAssistantImpl.cpp in Sources */ = {isa = PBXBuildFile; fileRef = 86B19902278D63430004C997 /* ZegoRTCServerAssistantImpl.cpp */; };
		86B19951278D63440004C997 /* ZegoRTCServerAssistant.cpp in Sources */ = {isa = PBXBuildFile; fileRef = 86B19904278D63430004C997 /* ZegoRTCServerAssistant.cpp */; };
		86B19952278D63440004C997 /* ZegoServerAssistantImpl.cpp in Sources */ = {isa = PBXBuildFile; fileRef = 86B1990A278D63430004C997 /* ZegoServerAssistantImpl.cpp */; };
		86B19953278D63440004C997 /* ZegoServerAssistant.cpp in Sources */ = {isa = PBXBuildFile; fileRef = 86B1990B278D63430004C997 /* ZegoServerAssistant.cpp */; };
		86B19954278D63440004C997 /* CMakeLists.txt in Resources */ = {isa = PBXBuildFile; fileRef = 86B1993B278D63430004C997 /* CMakeLists.txt */; };
		86B19955278D63440004C997 /* ZegoCrypto.cpp in Sources */ = {isa = PBXBuildFile; fileRef = 86B1993E278D63430004C997 /* ZegoCrypto.cpp */; };
		86B19956278D63440004C997 /* aes.cpp in Sources */ = {isa = PBXBuildFile; fileRef = 86B19941278D63430004C997 /* aes.cpp */; };
		86B19957278D63440004C997 /* Base64.cc in Sources */ = {isa = PBXBuildFile; fileRef = 86B19942278D63430004C997 /* Base64.cc */; };
		86B19958278D63440004C997 /* MBProgressHUD.m in Sources */ = {isa = PBXBuildFile; fileRef = 86B19943278D63430004C997 /* MBProgressHUD.m */; };
		86B19959278D63440004C997 /* TipView.xib in Resources */ = {isa = PBXBuildFile; fileRef = 86B19944278D63430004C997 /* TipView.xib */; };
		86B1995A278D63440004C997 /* HUDHelper.swift in Sources */ = {isa = PBXBuildFile; fileRef = 86B19945278D63430004C997 /* HUDHelper.swift */; };
		86B1995B278D63440004C997 /* TipView.swift in Sources */ = {isa = PBXBuildFile; fileRef = 86B19946278D63430004C997 /* TipView.swift */; };
		86B1995C278D63440004C997 /* StringTool.swift in Sources */ = {isa = PBXBuildFile; fileRef = 86B19947278D63430004C997 /* StringTool.swift */; };
		86B1995D278D63440004C997 /* ZegoColor.swift in Sources */ = {isa = PBXBuildFile; fileRef = 86B19948278D63430004C997 /* ZegoColor.swift */; };
		86B1995E278D63440004C997 /* AppToken.swift in Sources */ = {isa = PBXBuildFile; fileRef = 86B1994A278D63430004C997 /* AppToken.swift */; };
		86B1995F278D63440004C997 /* String+Head.swift in Sources */ = {isa = PBXBuildFile; fileRef = 86B1994B278D63430004C997 /* String+Head.swift */; };
		86B19960278D63440004C997 /* ZegoTimer.swift in Sources */ = {isa = PBXBuildFile; fileRef = 86B1994C278D63430004C997 /* ZegoTimer.swift */; };
		86B19961278D63440004C997 /* AuthorizedCheck.swift in Sources */ = {isa = PBXBuildFile; fileRef = 86B1994D278D63430004C997 /* AuthorizedCheck.swift */; };
		86B19962278D63440004C997 /* UIImage+Zego.swift in Sources */ = {isa = PBXBuildFile; fileRef = 86B1994E278D63430004C997 /* UIImage+Zego.swift */; };
		86B19964278D63E30004C997 /* AppDefine.swift in Sources */ = {isa = PBXBuildFile; fileRef = 86B19963278D63E30004C997 /* AppDefine.swift */; };
		86B19972278D71820004C997 /* GeneralWebVC.swift in Sources */ = {isa = PBXBuildFile; fileRef = 86B19970278D71820004C997 /* GeneralWebVC.swift */; };
		86B19978278D75E00004C997 /* OnlineUserListVC.swift in Sources */ = {isa = PBXBuildFile; fileRef = 86B19977278D75E00004C997 /* OnlineUserListVC.swift */; };
		86B1997A278D75F60004C997 /* User.storyboard in Resources */ = {isa = PBXBuildFile; fileRef = 86B19979278D75F60004C997 /* User.storyboard */; };
		86B1997D278D77280004C997 /* OnlineUserListCell.swift in Sources */ = {isa = PBXBuildFile; fileRef = 86B1997C278D77280004C997 /* OnlineUserListCell.swift */; };
		86B1997F278D96A80004C997 /* GeneralWebVC.xib in Resources */ = {isa = PBXBuildFile; fileRef = 86B1997E278D96A80004C997 /* GeneralWebVC.xib */; };
		86B19986278EB89F0004C997 /* CallAcceptView.swift in Sources */ = {isa = PBXBuildFile; fileRef = 86B19985278EB89F0004C997 /* CallAcceptView.swift */; };
		86B19988278EB8B20004C997 /* CallAcceptView.xib in Resources */ = {isa = PBXBuildFile; fileRef = 86B19987278EB8B20004C997 /* CallAcceptView.xib */; };
		86B1998A278EBB7D0004C997 /* CallingPhoneView.swift in Sources */ = {isa = PBXBuildFile; fileRef = 86B19989278EBB7D0004C997 /* CallingPhoneView.swift */; };
		86B1998C278EBB8C0004C997 /* CallingPhoneView.xib in Resources */ = {isa = PBXBuildFile; fileRef = 86B1998B278EBB8C0004C997 /* CallingPhoneView.xib */; };
		86B1998E278EBC7E0004C997 /* CallingVideoView.swift in Sources */ = {isa = PBXBuildFile; fileRef = 86B1998D278EBC7E0004C997 /* CallingVideoView.swift */; };
		86B19990278EBC8E0004C997 /* CallingVideoView.xib in Resources */ = {isa = PBXBuildFile; fileRef = 86B1998F278EBC8E0004C997 /* CallingVideoView.xib */; };
		86B19992278EBDB20004C997 /* CallingTakeView.swift in Sources */ = {isa = PBXBuildFile; fileRef = 86B19991278EBDB20004C997 /* CallingTakeView.swift */; };
		86B19994278EBDC10004C997 /* CallingTakeView.xib in Resources */ = {isa = PBXBuildFile; fileRef = 86B19993278EBDC10004C997 /* CallingTakeView.xib */; };
		86B19996278EC1050004C997 /* CallAcceptTipView.swift in Sources */ = {isa = PBXBuildFile; fileRef = 86B19995278EC1050004C997 /* CallAcceptTipView.swift */; };
		86B19998278EC11C0004C997 /* CallAcceptTipView.xib in Resources */ = {isa = PBXBuildFile; fileRef = 86B19997278EC11C0004C997 /* CallAcceptTipView.xib */; };
		86B19A082790034B0004C997 /* OnlineUserListVC+Call.swift in Sources */ = {isa = PBXBuildFile; fileRef = 86B19A072790034B0004C997 /* OnlineUserListVC+Call.swift */; };
		86B19A1127901B550004C997 /* CallMainVC.swift in Sources */ = {isa = PBXBuildFile; fileRef = 86B19A0F27901B550004C997 /* CallMainVC.swift */; };
		86B19A1227901B550004C997 /* CallMainVC.xib in Resources */ = {isa = PBXBuildFile; fileRef = 86B19A1027901B550004C997 /* CallMainVC.xib */; };
		86B19A1427901FAF0004C997 /* CallBaseView.swift in Sources */ = {isa = PBXBuildFile; fileRef = 86B19A1327901FAF0004C997 /* CallBaseView.swift */; };
		86B19A1727911D740004C997 /* CallMainVC+Operation.swift in Sources */ = {isa = PBXBuildFile; fileRef = 86B19A1627911D740004C997 /* CallMainVC+Operation.swift */; };
		86DE03C727981B3D000EE3C5 /* CallUIBusiness.swift in Sources */ = {isa = PBXBuildFile; fileRef = 86DE03C627981B3D000EE3C5 /* CallUIBusiness.swift */; };
		86DE03C927983D98000EE3C5 /* CallMainVC+Stream.swift in Sources */ = {isa = PBXBuildFile; fileRef = 86DE03C827983D98000EE3C5 /* CallMainVC+Stream.swift */; };
/* End PBXBuildFile section */

/* Begin PBXFileReference section */
		1FAC22BD21F182989689EBE3 /* Pods-ZEGOCallDemo.release.xcconfig */ = {isa = PBXFileReference; includeInIndex = 1; lastKnownFileType = text.xcconfig; name = "Pods-ZEGOCallDemo.release.xcconfig"; path = "Target Support Files/Pods-ZEGOCallDemo/Pods-ZEGOCallDemo.release.xcconfig"; sourceTree = "<group>"; };
		55A62E6D598ECA438B1684C8 /* Pods_ZEGOCallDemo.framework */ = {isa = PBXFileReference; explicitFileType = wrapper.framework; includeInIndex = 0; path = Pods_ZEGOCallDemo.framework; sourceTree = BUILT_PRODUCTS_DIR; };
		86718CA327915A0B00CEA8A0 /* DefaultRefreshView.swift */ = {isa = PBXFileReference; lastKnownFileType = sourcecode.swift; path = DefaultRefreshView.swift; sourceTree = "<group>"; };
		86718CA527915A5D00CEA8A0 /* RefreshViewAnimator.swift */ = {isa = PBXFileReference; lastKnownFileType = sourcecode.swift; path = RefreshViewAnimator.swift; sourceTree = "<group>"; };
		86718CA727915A8F00CEA8A0 /* DefaultViewAnimator.swift */ = {isa = PBXFileReference; lastKnownFileType = sourcecode.swift; path = DefaultViewAnimator.swift; sourceTree = "<group>"; };
		86718CA927915AC100CEA8A0 /* State.swift */ = {isa = PBXFileReference; lastKnownFileType = sourcecode.swift; path = State.swift; sourceTree = "<group>"; };
		86718CAB27915ADE00CEA8A0 /* PullToRefresh.swift */ = {isa = PBXFileReference; lastKnownFileType = sourcecode.swift; path = PullToRefresh.swift; sourceTree = "<group>"; };
		86718CAD27915B2B00CEA8A0 /* UIScrollView+PullToRefresh.swift */ = {isa = PBXFileReference; lastKnownFileType = sourcecode.swift; path = "UIScrollView+PullToRefresh.swift"; sourceTree = "<group>"; };
		86718CD827953E1700CEA8A0 /* RequestMananger.swift */ = {isa = PBXFileReference; fileEncoding = 4; lastKnownFileType = sourcecode.swift; path = RequestMananger.swift; sourceTree = "<group>"; };
		86718CDA27953E6400CEA8A0 /* UserIDReauest.swift */ = {isa = PBXFileReference; lastKnownFileType = sourcecode.swift; path = UserIDReauest.swift; sourceTree = "<group>"; };
		86718CDC2795401B00CEA8A0 /* UserInfoList.swift */ = {isa = PBXFileReference; lastKnownFileType = sourcecode.swift; path = UserInfoList.swift; sourceTree = "<group>"; };
		86718CDE279540EB00CEA8A0 /* UserListRequest.swift */ = {isa = PBXFileReference; lastKnownFileType = sourcecode.swift; path = UserListRequest.swift; sourceTree = "<group>"; };
		86718CE02795421200CEA8A0 /* LoginRequest.swift */ = {isa = PBXFileReference; lastKnownFileType = sourcecode.swift; path = LoginRequest.swift; sourceTree = "<group>"; };
		86718CE2279542B100CEA8A0 /* LogoutRequest.swift */ = {isa = PBXFileReference; lastKnownFileType = sourcecode.swift; path = LogoutRequest.swift; sourceTree = "<group>"; };
		86718CE4279542E300CEA8A0 /* HeartBeatRequest.swift */ = {isa = PBXFileReference; fileEncoding = 4; lastKnownFileType = sourcecode.swift; path = HeartBeatRequest.swift; sourceTree = "<group>"; };
		86718CE627955A0900CEA8A0 /* UserListService.swift */ = {isa = PBXFileReference; lastKnownFileType = sourcecode.swift; path = UserListService.swift; sourceTree = "<group>"; };
		86718D2C2797E56D00CEA8A0 /* ProviderDelegate.swift */ = {isa = PBXFileReference; lastKnownFileType = sourcecode.swift; path = ProviderDelegate.swift; sourceTree = "<group>"; };
		86B1988E278BDD7D0004C997 /* ZEGOCallDemo.app */ = {isa = PBXFileReference; explicitFileType = wrapper.application; includeInIndex = 0; path = ZEGOCallDemo.app; sourceTree = BUILT_PRODUCTS_DIR; };
		86B19891278BDD7D0004C997 /* AppDelegate.swift */ = {isa = PBXFileReference; lastKnownFileType = sourcecode.swift; path = AppDelegate.swift; sourceTree = "<group>"; };
		86B19893278BDD7E0004C997 /* SceneDelegate.swift */ = {isa = PBXFileReference; lastKnownFileType = sourcecode.swift; path = SceneDelegate.swift; sourceTree = "<group>"; };
		86B19895278BDD7E0004C997 /* LoginVC.swift */ = {isa = PBXFileReference; lastKnownFileType = sourcecode.swift; path = LoginVC.swift; sourceTree = "<group>"; };
		86B19898278BDD7E0004C997 /* Base */ = {isa = PBXFileReference; lastKnownFileType = file.storyboard; name = Base; path = Base.lproj/Main.storyboard; sourceTree = "<group>"; };
		86B1989A278BDD7F0004C997 /* Assets.xcassets */ = {isa = PBXFileReference; lastKnownFileType = folder.assetcatalog; path = Assets.xcassets; sourceTree = "<group>"; };
		86B1989D278BDD7F0004C997 /* Base */ = {isa = PBXFileReference; lastKnownFileType = file.storyboard; name = Base; path = Base.lproj/LaunchScreen.storyboard; sourceTree = "<group>"; };
		86B1989F278BDD7F0004C997 /* Info.plist */ = {isa = PBXFileReference; lastKnownFileType = text.plist.xml; path = Info.plist; sourceTree = "<group>"; };
		86B198A8278BE1C60004C997 /* AppCenter.json */ = {isa = PBXFileReference; fileEncoding = 4; lastKnownFileType = text.json; path = AppCenter.json; sourceTree = "<group>"; };
		86B198A9278BE1C60004C997 /* AppCenter.swift */ = {isa = PBXFileReference; fileEncoding = 4; lastKnownFileType = sourcecode.swift; path = AppCenter.swift; sourceTree = "<group>"; };
		86B198AE278BE25F0004C997 /* NetworkManager.swift */ = {isa = PBXFileReference; fileEncoding = 4; lastKnownFileType = sourcecode.swift; path = NetworkManager.swift; sourceTree = "<group>"; };
		86B198AF278BE25F0004C997 /* Request.swift */ = {isa = PBXFileReference; fileEncoding = 4; lastKnownFileType = sourcecode.swift; path = Request.swift; sourceTree = "<group>"; };
		86B198B0278BE25F0004C997 /* RequestStatus.swift */ = {isa = PBXFileReference; fileEncoding = 4; lastKnownFileType = sourcecode.swift; path = RequestStatus.swift; sourceTree = "<group>"; };
		86B198B2278BE25F0004C997 /* String+Stream.swift */ = {isa = PBXFileReference; fileEncoding = 4; lastKnownFileType = sourcecode.swift; path = "String+Stream.swift"; sourceTree = "<group>"; };
		86B198B3278BE25F0004C997 /* Result+Zego.swift */ = {isa = PBXFileReference; fileEncoding = 4; lastKnownFileType = sourcecode.swift; path = "Result+Zego.swift"; sourceTree = "<group>"; };
		86B198B6278BE25F0004C997 /* UserService+Util.swift */ = {isa = PBXFileReference; fileEncoding = 4; lastKnownFileType = sourcecode.swift; path = "UserService+Util.swift"; sourceTree = "<group>"; };
		86B198B7278BE25F0004C997 /* UserService+Paramater.swift */ = {isa = PBXFileReference; fileEncoding = 4; lastKnownFileType = sourcecode.swift; path = "UserService+Paramater.swift"; sourceTree = "<group>"; };
		86B198B8278BE25F0004C997 /* RoomService+Private.swift */ = {isa = PBXFileReference; fileEncoding = 4; lastKnownFileType = sourcecode.swift; path = "RoomService+Private.swift"; sourceTree = "<group>"; };
		86B198BA278BE25F0004C997 /* RoomManager.swift */ = {isa = PBXFileReference; fileEncoding = 4; lastKnownFileType = sourcecode.swift; path = RoomManager.swift; sourceTree = "<group>"; };
		86B198BB278BE25F0004C997 /* ZIMManager.swift */ = {isa = PBXFileReference; fileEncoding = 4; lastKnownFileType = sourcecode.swift; path = ZIMManager.swift; sourceTree = "<group>"; };
		86B198BC278BE25F0004C997 /* Define.swift */ = {isa = PBXFileReference; fileEncoding = 4; lastKnownFileType = sourcecode.swift; path = Define.swift; sourceTree = "<group>"; };
		86B198BE278BE25F0004C997 /* UserInfo.swift */ = {isa = PBXFileReference; fileEncoding = 4; lastKnownFileType = sourcecode.swift; path = UserInfo.swift; sourceTree = "<group>"; };
		86B198C0278BE25F0004C997 /* CustomCommand.swift */ = {isa = PBXFileReference; fileEncoding = 4; lastKnownFileType = sourcecode.swift; path = CustomCommand.swift; sourceTree = "<group>"; };
		86B198C1278BE25F0004C997 /* RoomInfoList.swift */ = {isa = PBXFileReference; fileEncoding = 4; lastKnownFileType = sourcecode.swift; path = RoomInfoList.swift; sourceTree = "<group>"; };
		86B198C2278BE25F0004C997 /* RoomInfo.swift */ = {isa = PBXFileReference; fileEncoding = 4; lastKnownFileType = sourcecode.swift; path = RoomInfo.swift; sourceTree = "<group>"; };
		86B198C7278BE25F0004C997 /* UserService.swift */ = {isa = PBXFileReference; fileEncoding = 4; lastKnownFileType = sourcecode.swift; path = UserService.swift; sourceTree = "<group>"; };
		86B198C9278BE25F0004C997 /* RoomService.swift */ = {isa = PBXFileReference; fileEncoding = 4; lastKnownFileType = sourcecode.swift; path = RoomService.swift; sourceTree = "<group>"; };
		86B198CF278BE2600004C997 /* DictionaryArray.swift */ = {isa = PBXFileReference; fileEncoding = 4; lastKnownFileType = sourcecode.swift; path = DictionaryArray.swift; sourceTree = "<group>"; };
		86B198D0278BE2600004C997 /* ZegoJsonTool.swift */ = {isa = PBXFileReference; fileEncoding = 4; lastKnownFileType = sourcecode.swift; path = ZegoJsonTool.swift; sourceTree = "<group>"; };
		86B198ED278D27A80004C997 /* OperationCommand.swift */ = {isa = PBXFileReference; fileEncoding = 4; lastKnownFileType = sourcecode.swift; path = OperationCommand.swift; sourceTree = "<group>"; };
		86B198F1278D57B00004C997 /* HomeVC.swift */ = {isa = PBXFileReference; lastKnownFileType = sourcecode.swift; path = HomeVC.swift; sourceTree = "<group>"; };
		86B198F4278D625F0004C997 /* SettingsVC.swift */ = {isa = PBXFileReference; fileEncoding = 4; lastKnownFileType = sourcecode.swift; path = SettingsVC.swift; sourceTree = "<group>"; };
		86B198F5278D625F0004C997 /* SettingCellModel.swift */ = {isa = PBXFileReference; fileEncoding = 4; lastKnownFileType = sourcecode.swift; path = SettingCellModel.swift; sourceTree = "<group>"; };
		86B198FD278D63430004C997 /* ZegoToken.mm */ = {isa = PBXFileReference; fileEncoding = 4; lastKnownFileType = sourcecode.cpp.objcpp; path = ZegoToken.mm; sourceTree = "<group>"; };
		86B198FE278D63430004C997 /* ZegoToken.h */ = {isa = PBXFileReference; fileEncoding = 4; lastKnownFileType = sourcecode.c.h; path = ZegoToken.h; sourceTree = "<group>"; };
		86B19902278D63430004C997 /* ZegoRTCServerAssistantImpl.cpp */ = {isa = PBXFileReference; fileEncoding = 4; lastKnownFileType = sourcecode.cpp.cpp; path = ZegoRTCServerAssistantImpl.cpp; sourceTree = "<group>"; };
		86B19903278D63430004C997 /* ZegoRTCServerAssistantImpl.h */ = {isa = PBXFileReference; fileEncoding = 4; lastKnownFileType = sourcecode.c.h; path = ZegoRTCServerAssistantImpl.h; sourceTree = "<group>"; };
		86B19904278D63430004C997 /* ZegoRTCServerAssistant.cpp */ = {isa = PBXFileReference; fileEncoding = 4; lastKnownFileType = sourcecode.cpp.cpp; path = ZegoRTCServerAssistant.cpp; sourceTree = "<group>"; };
		86B19906278D63430004C997 /* ZegoRTCServerAssistantDefines.h */ = {isa = PBXFileReference; fileEncoding = 4; lastKnownFileType = sourcecode.c.h; path = ZegoRTCServerAssistantDefines.h; sourceTree = "<group>"; };
		86B19907278D63430004C997 /* ZegoRTCServerAssistant.h */ = {isa = PBXFileReference; fileEncoding = 4; lastKnownFileType = sourcecode.c.h; path = ZegoRTCServerAssistant.h; sourceTree = "<group>"; };
		86B1990A278D63430004C997 /* ZegoServerAssistantImpl.cpp */ = {isa = PBXFileReference; fileEncoding = 4; lastKnownFileType = sourcecode.cpp.cpp; path = ZegoServerAssistantImpl.cpp; sourceTree = "<group>"; };
		86B1990B278D63430004C997 /* ZegoServerAssistant.cpp */ = {isa = PBXFileReference; fileEncoding = 4; lastKnownFileType = sourcecode.cpp.cpp; path = ZegoServerAssistant.cpp; sourceTree = "<group>"; };
		86B1990C278D63430004C997 /* ZegoServerAssistantImpl.h */ = {isa = PBXFileReference; fileEncoding = 4; lastKnownFileType = sourcecode.c.h; path = ZegoServerAssistantImpl.h; sourceTree = "<group>"; };
		86B1990E278D63430004C997 /* ZegoServerAssistantDefines.h */ = {isa = PBXFileReference; fileEncoding = 4; lastKnownFileType = sourcecode.c.h; path = ZegoServerAssistantDefines.h; sourceTree = "<group>"; };
		86B1990F278D63430004C997 /* ZegoServerAssistant.h */ = {isa = PBXFileReference; fileEncoding = 4; lastKnownFileType = sourcecode.c.h; path = ZegoServerAssistant.h; sourceTree = "<group>"; };
		86B19912278D63430004C997 /* fwd.h */ = {isa = PBXFileReference; fileEncoding = 4; lastKnownFileType = sourcecode.c.h; path = fwd.h; sourceTree = "<group>"; };
		86B19913278D63430004C997 /* memorystream.h */ = {isa = PBXFileReference; fileEncoding = 4; lastKnownFileType = sourcecode.c.h; path = memorystream.h; sourceTree = "<group>"; };
		86B19914278D63430004C997 /* reader.h */ = {isa = PBXFileReference; fileEncoding = 4; lastKnownFileType = sourcecode.c.h; path = reader.h; sourceTree = "<group>"; };
		86B19915278D63430004C997 /* prettywriter.h */ = {isa = PBXFileReference; fileEncoding = 4; lastKnownFileType = sourcecode.c.h; path = prettywriter.h; sourceTree = "<group>"; };
		86B19916278D63430004C997 /* ostreamwrapper.h */ = {isa = PBXFileReference; fileEncoding = 4; lastKnownFileType = sourcecode.c.h; path = ostreamwrapper.h; sourceTree = "<group>"; };
		86B19917278D63430004C997 /* encodedstream.h */ = {isa = PBXFileReference; fileEncoding = 4; lastKnownFileType = sourcecode.c.h; path = encodedstream.h; sourceTree = "<group>"; };
		86B19918278D63430004C997 /* filereadstream.h */ = {isa = PBXFileReference; fileEncoding = 4; lastKnownFileType = sourcecode.c.h; path = filereadstream.h; sourceTree = "<group>"; };
		86B19919278D63430004C997 /* istreamwrapper.h */ = {isa = PBXFileReference; fileEncoding = 4; lastKnownFileType = sourcecode.c.h; path = istreamwrapper.h; sourceTree = "<group>"; };
		86B1991A278D63430004C997 /* stringbuffer.h */ = {isa = PBXFileReference; fileEncoding = 4; lastKnownFileType = sourcecode.c.h; path = stringbuffer.h; sourceTree = "<group>"; };
		86B1991C278D63430004C997 /* ieee754.h */ = {isa = PBXFileReference; fileEncoding = 4; lastKnownFileType = sourcecode.c.h; path = ieee754.h; sourceTree = "<group>"; };
		86B1991D278D63430004C997 /* strtod.h */ = {isa = PBXFileReference; fileEncoding = 4; lastKnownFileType = sourcecode.c.h; path = strtod.h; sourceTree = "<group>"; };
		86B1991E278D63430004C997 /* swap.h */ = {isa = PBXFileReference; fileEncoding = 4; lastKnownFileType = sourcecode.c.h; path = swap.h; sourceTree = "<group>"; };
		86B1991F278D63430004C997 /* regex.h */ = {isa = PBXFileReference; fileEncoding = 4; lastKnownFileType = sourcecode.c.h; path = regex.h; sourceTree = "<group>"; };
		86B19920278D63430004C997 /* diyfp.h */ = {isa = PBXFileReference; fileEncoding = 4; lastKnownFileType = sourcecode.c.h; path = diyfp.h; sourceTree = "<group>"; };
		86B19921278D63430004C997 /* biginteger.h */ = {isa = PBXFileReference; fileEncoding = 4; lastKnownFileType = sourcecode.c.h; path = biginteger.h; sourceTree = "<group>"; };
		86B19922278D63430004C997 /* strfunc.h */ = {isa = PBXFileReference; fileEncoding = 4; lastKnownFileType = sourcecode.c.h; path = strfunc.h; sourceTree = "<group>"; };
		86B19923278D63430004C997 /* itoa.h */ = {isa = PBXFileReference; fileEncoding = 4; lastKnownFileType = sourcecode.c.h; path = itoa.h; sourceTree = "<group>"; };
		86B19924278D63430004C997 /* stack.h */ = {isa = PBXFileReference; fileEncoding = 4; lastKnownFileType = sourcecode.c.h; path = stack.h; sourceTree = "<group>"; };
		86B19925278D63430004C997 /* dtoa.h */ = {isa = PBXFileReference; fileEncoding = 4; lastKnownFileType = sourcecode.c.h; path = dtoa.h; sourceTree = "<group>"; };
		86B19926278D63430004C997 /* meta.h */ = {isa = PBXFileReference; fileEncoding = 4; lastKnownFileType = sourcecode.c.h; path = meta.h; sourceTree = "<group>"; };
		86B19927278D63430004C997 /* pow10.h */ = {isa = PBXFileReference; fileEncoding = 4; lastKnownFileType = sourcecode.c.h; path = pow10.h; sourceTree = "<group>"; };
		86B19928278D63430004C997 /* encodings.h */ = {isa = PBXFileReference; fileEncoding = 4; lastKnownFileType = sourcecode.c.h; path = encodings.h; sourceTree = "<group>"; };
		86B19929278D63430004C997 /* schema.h */ = {isa = PBXFileReference; fileEncoding = 4; lastKnownFileType = sourcecode.c.h; path = schema.h; sourceTree = "<group>"; };
		86B1992A278D63430004C997 /* stream.h */ = {isa = PBXFileReference; fileEncoding = 4; lastKnownFileType = sourcecode.c.h; path = stream.h; sourceTree = "<group>"; };
		86B1992B278D63430004C997 /* filewritestream.h */ = {isa = PBXFileReference; fileEncoding = 4; lastKnownFileType = sourcecode.c.h; path = filewritestream.h; sourceTree = "<group>"; };
		86B1992C278D63430004C997 /* rapidjson.h */ = {isa = PBXFileReference; fileEncoding = 4; lastKnownFileType = sourcecode.c.h; path = rapidjson.h; sourceTree = "<group>"; };
		86B1992D278D63430004C997 /* document.h */ = {isa = PBXFileReference; fileEncoding = 4; lastKnownFileType = sourcecode.c.h; path = document.h; sourceTree = "<group>"; };
		86B1992E278D63430004C997 /* allocators.h */ = {isa = PBXFileReference; fileEncoding = 4; lastKnownFileType = sourcecode.c.h; path = allocators.h; sourceTree = "<group>"; };
		86B1992F278D63430004C997 /* writer.h */ = {isa = PBXFileReference; fileEncoding = 4; lastKnownFileType = sourcecode.c.h; path = writer.h; sourceTree = "<group>"; };
		86B19931278D63430004C997 /* error.h */ = {isa = PBXFileReference; fileEncoding = 4; lastKnownFileType = sourcecode.c.h; path = error.h; sourceTree = "<group>"; };
		86B19932278D63430004C997 /* en.h */ = {isa = PBXFileReference; fileEncoding = 4; lastKnownFileType = sourcecode.c.h; path = en.h; sourceTree = "<group>"; };
		86B19933278D63430004C997 /* memorybuffer.h */ = {isa = PBXFileReference; fileEncoding = 4; lastKnownFileType = sourcecode.c.h; path = memorybuffer.h; sourceTree = "<group>"; };
		86B19934278D63430004C997 /* pointer.h */ = {isa = PBXFileReference; fileEncoding = 4; lastKnownFileType = sourcecode.c.h; path = pointer.h; sourceTree = "<group>"; };
		86B19936278D63430004C997 /* inttypes.h */ = {isa = PBXFileReference; fileEncoding = 4; lastKnownFileType = sourcecode.c.h; path = inttypes.h; sourceTree = "<group>"; };
		86B19937278D63430004C997 /* stdint.h */ = {isa = PBXFileReference; fileEncoding = 4; lastKnownFileType = sourcecode.c.h; path = stdint.h; sourceTree = "<group>"; };
		86B1993A278D63430004C997 /* json_tools.hpp */ = {isa = PBXFileReference; fileEncoding = 4; lastKnownFileType = sourcecode.cpp.h; path = json_tools.hpp; sourceTree = "<group>"; };
		86B1993B278D63430004C997 /* CMakeLists.txt */ = {isa = PBXFileReference; fileEncoding = 4; lastKnownFileType = text; path = CMakeLists.txt; sourceTree = "<group>"; };
		86B1993C278D63430004C997 /* Base64.h */ = {isa = PBXFileReference; fileEncoding = 4; lastKnownFileType = sourcecode.c.h; path = Base64.h; sourceTree = "<group>"; };
		86B1993D278D63430004C997 /* ZegoCrypto.hpp */ = {isa = PBXFileReference; fileEncoding = 4; lastKnownFileType = sourcecode.cpp.h; path = ZegoCrypto.hpp; sourceTree = "<group>"; };
		86B1993E278D63430004C997 /* ZegoCrypto.cpp */ = {isa = PBXFileReference; fileEncoding = 4; lastKnownFileType = sourcecode.cpp.cpp; path = ZegoCrypto.cpp; sourceTree = "<group>"; };
		86B19940278D63430004C997 /* aes.h */ = {isa = PBXFileReference; fileEncoding = 4; lastKnownFileType = sourcecode.c.h; path = aes.h; sourceTree = "<group>"; };
		86B19941278D63430004C997 /* aes.cpp */ = {isa = PBXFileReference; fileEncoding = 4; lastKnownFileType = sourcecode.cpp.cpp; path = aes.cpp; sourceTree = "<group>"; };
		86B19942278D63430004C997 /* Base64.cc */ = {isa = PBXFileReference; fileEncoding = 4; lastKnownFileType = sourcecode.cpp.cpp; path = Base64.cc; sourceTree = "<group>"; };
		86B19943278D63430004C997 /* MBProgressHUD.m */ = {isa = PBXFileReference; fileEncoding = 4; lastKnownFileType = sourcecode.c.objc; path = MBProgressHUD.m; sourceTree = "<group>"; };
		86B19944278D63430004C997 /* TipView.xib */ = {isa = PBXFileReference; fileEncoding = 4; lastKnownFileType = file.xib; path = TipView.xib; sourceTree = "<group>"; };
		86B19945278D63430004C997 /* HUDHelper.swift */ = {isa = PBXFileReference; fileEncoding = 4; lastKnownFileType = sourcecode.swift; path = HUDHelper.swift; sourceTree = "<group>"; };
		86B19946278D63430004C997 /* TipView.swift */ = {isa = PBXFileReference; fileEncoding = 4; lastKnownFileType = sourcecode.swift; path = TipView.swift; sourceTree = "<group>"; };
		86B19947278D63430004C997 /* StringTool.swift */ = {isa = PBXFileReference; fileEncoding = 4; lastKnownFileType = sourcecode.swift; path = StringTool.swift; sourceTree = "<group>"; };
		86B19948278D63430004C997 /* ZegoColor.swift */ = {isa = PBXFileReference; fileEncoding = 4; lastKnownFileType = sourcecode.swift; path = ZegoColor.swift; sourceTree = "<group>"; };
		86B19949278D63430004C997 /* MBProgressHUD.h */ = {isa = PBXFileReference; fileEncoding = 4; lastKnownFileType = sourcecode.c.h; path = MBProgressHUD.h; sourceTree = "<group>"; };
		86B1994A278D63430004C997 /* AppToken.swift */ = {isa = PBXFileReference; fileEncoding = 4; lastKnownFileType = sourcecode.swift; path = AppToken.swift; sourceTree = "<group>"; };
		86B1994B278D63430004C997 /* String+Head.swift */ = {isa = PBXFileReference; fileEncoding = 4; lastKnownFileType = sourcecode.swift; path = "String+Head.swift"; sourceTree = "<group>"; };
		86B1994C278D63430004C997 /* ZegoTimer.swift */ = {isa = PBXFileReference; fileEncoding = 4; lastKnownFileType = sourcecode.swift; path = ZegoTimer.swift; sourceTree = "<group>"; };
		86B1994D278D63430004C997 /* AuthorizedCheck.swift */ = {isa = PBXFileReference; fileEncoding = 4; lastKnownFileType = sourcecode.swift; path = AuthorizedCheck.swift; sourceTree = "<group>"; };
		86B1994E278D63430004C997 /* UIImage+Zego.swift */ = {isa = PBXFileReference; fileEncoding = 4; lastKnownFileType = sourcecode.swift; path = "UIImage+Zego.swift"; sourceTree = "<group>"; };
		86B19963278D63E30004C997 /* AppDefine.swift */ = {isa = PBXFileReference; fileEncoding = 4; lastKnownFileType = sourcecode.swift; path = AppDefine.swift; sourceTree = "<group>"; };
		86B19968278D6AAC0004C997 /* ZEGOCallDemo-Bridging-Header.h */ = {isa = PBXFileReference; fileEncoding = 4; lastKnownFileType = sourcecode.c.h; path = "ZEGOCallDemo-Bridging-Header.h"; sourceTree = "<group>"; };
		86B19970278D71820004C997 /* GeneralWebVC.swift */ = {isa = PBXFileReference; lastKnownFileType = sourcecode.swift; path = GeneralWebVC.swift; sourceTree = "<group>"; };
		86B19977278D75E00004C997 /* OnlineUserListVC.swift */ = {isa = PBXFileReference; lastKnownFileType = sourcecode.swift; path = OnlineUserListVC.swift; sourceTree = "<group>"; };
		86B19979278D75F60004C997 /* User.storyboard */ = {isa = PBXFileReference; lastKnownFileType = file.storyboard; path = User.storyboard; sourceTree = "<group>"; };
		86B1997C278D77280004C997 /* OnlineUserListCell.swift */ = {isa = PBXFileReference; lastKnownFileType = sourcecode.swift; path = OnlineUserListCell.swift; sourceTree = "<group>"; };
		86B1997E278D96A80004C997 /* GeneralWebVC.xib */ = {isa = PBXFileReference; lastKnownFileType = file.xib; path = GeneralWebVC.xib; sourceTree = "<group>"; };
		86B19985278EB89F0004C997 /* CallAcceptView.swift */ = {isa = PBXFileReference; lastKnownFileType = sourcecode.swift; path = CallAcceptView.swift; sourceTree = "<group>"; };
		86B19987278EB8B20004C997 /* CallAcceptView.xib */ = {isa = PBXFileReference; lastKnownFileType = file.xib; path = CallAcceptView.xib; sourceTree = "<group>"; };
		86B19989278EBB7D0004C997 /* CallingPhoneView.swift */ = {isa = PBXFileReference; lastKnownFileType = sourcecode.swift; path = CallingPhoneView.swift; sourceTree = "<group>"; };
		86B1998B278EBB8C0004C997 /* CallingPhoneView.xib */ = {isa = PBXFileReference; lastKnownFileType = file.xib; path = CallingPhoneView.xib; sourceTree = "<group>"; };
		86B1998D278EBC7E0004C997 /* CallingVideoView.swift */ = {isa = PBXFileReference; lastKnownFileType = sourcecode.swift; path = CallingVideoView.swift; sourceTree = "<group>"; };
		86B1998F278EBC8E0004C997 /* CallingVideoView.xib */ = {isa = PBXFileReference; lastKnownFileType = file.xib; path = CallingVideoView.xib; sourceTree = "<group>"; };
		86B19991278EBDB20004C997 /* CallingTakeView.swift */ = {isa = PBXFileReference; lastKnownFileType = sourcecode.swift; path = CallingTakeView.swift; sourceTree = "<group>"; };
		86B19993278EBDC10004C997 /* CallingTakeView.xib */ = {isa = PBXFileReference; lastKnownFileType = file.xib; path = CallingTakeView.xib; sourceTree = "<group>"; };
		86B19995278EC1050004C997 /* CallAcceptTipView.swift */ = {isa = PBXFileReference; lastKnownFileType = sourcecode.swift; path = CallAcceptTipView.swift; sourceTree = "<group>"; };
		86B19997278EC11C0004C997 /* CallAcceptTipView.xib */ = {isa = PBXFileReference; lastKnownFileType = file.xib; path = CallAcceptTipView.xib; sourceTree = "<group>"; };
		86B19A072790034B0004C997 /* OnlineUserListVC+Call.swift */ = {isa = PBXFileReference; lastKnownFileType = sourcecode.swift; path = "OnlineUserListVC+Call.swift"; sourceTree = "<group>"; };
		86B19A0F27901B550004C997 /* CallMainVC.swift */ = {isa = PBXFileReference; lastKnownFileType = sourcecode.swift; path = CallMainVC.swift; sourceTree = "<group>"; };
		86B19A1027901B550004C997 /* CallMainVC.xib */ = {isa = PBXFileReference; lastKnownFileType = file.xib; path = CallMainVC.xib; sourceTree = "<group>"; };
		86B19A1327901FAF0004C997 /* CallBaseView.swift */ = {isa = PBXFileReference; lastKnownFileType = sourcecode.swift; path = CallBaseView.swift; sourceTree = "<group>"; };
		86B19A1627911D740004C997 /* CallMainVC+Operation.swift */ = {isa = PBXFileReference; lastKnownFileType = sourcecode.swift; path = "CallMainVC+Operation.swift"; sourceTree = "<group>"; };
		86DE03C627981B3D000EE3C5 /* CallUIBusiness.swift */ = {isa = PBXFileReference; lastKnownFileType = sourcecode.swift; path = CallUIBusiness.swift; sourceTree = "<group>"; };
		86DE03C827983D98000EE3C5 /* CallMainVC+Stream.swift */ = {isa = PBXFileReference; lastKnownFileType = sourcecode.swift; path = "CallMainVC+Stream.swift"; sourceTree = "<group>"; };
		95F1BBF3114F32302EC88A9C /* Pods-ZEGOCallDemo.debug.xcconfig */ = {isa = PBXFileReference; includeInIndex = 1; lastKnownFileType = text.xcconfig; name = "Pods-ZEGOCallDemo.debug.xcconfig"; path = "Target Support Files/Pods-ZEGOCallDemo/Pods-ZEGOCallDemo.debug.xcconfig"; sourceTree = "<group>"; };
/* End PBXFileReference section */

/* Begin PBXFrameworksBuildPhase section */
		86B1988B278BDD7D0004C997 /* Frameworks */ = {
			isa = PBXFrameworksBuildPhase;
			buildActionMask = 2147483647;
			files = (
				811FC88CC6FD5651833E2209 /* Pods_ZEGOCallDemo.framework in Frameworks */,
			);
			runOnlyForDeploymentPostprocessing = 0;
		};
/* End PBXFrameworksBuildPhase section */

/* Begin PBXGroup section */
		53EBCB25F32764CA331F674B /* Frameworks */ = {
			isa = PBXGroup;
			children = (
				55A62E6D598ECA438B1684C8 /* Pods_ZEGOCallDemo.framework */,
			);
			name = Frameworks;
			sourceTree = "<group>";
		};
		65FD28CFC22698790594B5D7 /* Pods */ = {
			isa = PBXGroup;
			children = (
				95F1BBF3114F32302EC88A9C /* Pods-ZEGOCallDemo.debug.xcconfig */,
				1FAC22BD21F182989689EBE3 /* Pods-ZEGOCallDemo.release.xcconfig */,
			);
			path = Pods;
			sourceTree = "<group>";
		};
		86718CA2279159BA00CEA8A0 /* Refresh */ = {
			isa = PBXGroup;
			children = (
				86718CA327915A0B00CEA8A0 /* DefaultRefreshView.swift */,
				86718CA727915A8F00CEA8A0 /* DefaultViewAnimator.swift */,
				86718CA527915A5D00CEA8A0 /* RefreshViewAnimator.swift */,
				86718CAB27915ADE00CEA8A0 /* PullToRefresh.swift */,
				86718CA927915AC100CEA8A0 /* State.swift */,
				86718CAD27915B2B00CEA8A0 /* UIScrollView+PullToRefresh.swift */,
			);
			path = Refresh;
			sourceTree = "<group>";
		};
		86718CD727953DFA00CEA8A0 /* RequestManager */ = {
			isa = PBXGroup;
			children = (
				86718CD827953E1700CEA8A0 /* RequestMananger.swift */,
				86718CDA27953E6400CEA8A0 /* UserIDReauest.swift */,
				86718CDE279540EB00CEA8A0 /* UserListRequest.swift */,
				86718CE02795421200CEA8A0 /* LoginRequest.swift */,
				86718CE2279542B100CEA8A0 /* LogoutRequest.swift */,
				86718CE4279542E300CEA8A0 /* HeartBeatRequest.swift */,
			);
			path = RequestManager;
			sourceTree = "<group>";
		};
		86718D2B2797E54800CEA8A0 /* Provider */ = {
			isa = PBXGroup;
			children = (
				86718D2C2797E56D00CEA8A0 /* ProviderDelegate.swift */,
			);
			path = Provider;
			sourceTree = "<group>";
		};
		86B19885278BDD7D0004C997 = {
			isa = PBXGroup;
			children = (
				86B198A5278BE06A0004C997 /* ZEGOCall */,
				86B19890278BDD7D0004C997 /* ZEGOCallDemo */,
				86B1988F278BDD7D0004C997 /* Products */,
				65FD28CFC22698790594B5D7 /* Pods */,
				53EBCB25F32764CA331F674B /* Frameworks */,
			);
			sourceTree = "<group>";
		};
		86B1988F278BDD7D0004C997 /* Products */ = {
			isa = PBXGroup;
			children = (
				86B1988E278BDD7D0004C997 /* ZEGOCallDemo.app */,
			);
			name = Products;
			sourceTree = "<group>";
		};
		86B19890278BDD7D0004C997 /* ZEGOCallDemo */ = {
			isa = PBXGroup;
			children = (
				86B198FB278D63430004C997 /* Helper */,
				86B19A15279118210004C997 /* Login */,
				86B1996A278D711B0004C997 /* WebPages */,
				86B198F3278D62420004C997 /* Setting */,
				86B198F0278D57530004C997 /* Home */,
				86B198EF278D28B20004C997 /* CorePages */,
				86B198A6278BE1C60004C997 /* AppCenter */,
				86B19891278BDD7D0004C997 /* AppDelegate.swift */,
				86B19893278BDD7E0004C997 /* SceneDelegate.swift */,
				86B19963278D63E30004C997 /* AppDefine.swift */,
				86B19968278D6AAC0004C997 /* ZEGOCallDemo-Bridging-Header.h */,
				86B19897278BDD7E0004C997 /* Main.storyboard */,
				86B1989A278BDD7F0004C997 /* Assets.xcassets */,
				86B1989C278BDD7F0004C997 /* LaunchScreen.storyboard */,
				86B1989F278BDD7F0004C997 /* Info.plist */,
			);
			path = ZEGOCallDemo;
			sourceTree = "<group>";
		};
		86B198A5278BE06A0004C997 /* ZEGOCall */ = {
			isa = PBXGroup;
			children = (
				86718CD727953DFA00CEA8A0 /* RequestManager */,
				86B198B4278BE25F0004C997 /* Core */,
				86B198B1278BE25F0004C997 /* Extensions */,
				86B198AD278BE25F0004C997 /* Network */,
				86B198CE278BE2600004C997 /* Tool */,
			);
			path = ZEGOCall;
			sourceTree = "<group>";
		};
		86B198A6278BE1C60004C997 /* AppCenter */ = {
			isa = PBXGroup;
			children = (
				86B198A8278BE1C60004C997 /* AppCenter.json */,
				86B198A9278BE1C60004C997 /* AppCenter.swift */,
			);
			path = AppCenter;
			sourceTree = "<group>";
		};
		86B198AD278BE25F0004C997 /* Network */ = {
			isa = PBXGroup;
			children = (
				86B198AE278BE25F0004C997 /* NetworkManager.swift */,
				86B198AF278BE25F0004C997 /* Request.swift */,
				86B198B0278BE25F0004C997 /* RequestStatus.swift */,
			);
			path = Network;
			sourceTree = "<group>";
		};
		86B198B1278BE25F0004C997 /* Extensions */ = {
			isa = PBXGroup;
			children = (
				86B198B2278BE25F0004C997 /* String+Stream.swift */,
				86B198B3278BE25F0004C997 /* Result+Zego.swift */,
			);
			path = Extensions;
			sourceTree = "<group>";
		};
		86B198B4278BE25F0004C997 /* Core */ = {
			isa = PBXGroup;
			children = (
				86B198B5278BE25F0004C997 /* Extensions */,
				86B198B9278BE25F0004C997 /* Manager */,
				86B198BC278BE25F0004C997 /* Define.swift */,
				86B198BD278BE25F0004C997 /* Model */,
				86B198C6278BE25F0004C997 /* Service */,
			);
			path = Core;
			sourceTree = "<group>";
		};
		86B198B5278BE25F0004C997 /* Extensions */ = {
			isa = PBXGroup;
			children = (
				86B198B6278BE25F0004C997 /* UserService+Util.swift */,
				86B198B7278BE25F0004C997 /* UserService+Paramater.swift */,
				86B198B8278BE25F0004C997 /* RoomService+Private.swift */,
			);
			path = Extensions;
			sourceTree = "<group>";
		};
		86B198B9278BE25F0004C997 /* Manager */ = {
			isa = PBXGroup;
			children = (
				86B198BA278BE25F0004C997 /* RoomManager.swift */,
				86B198BB278BE25F0004C997 /* ZIMManager.swift */,
			);
			path = Manager;
			sourceTree = "<group>";
		};
		86B198BD278BE25F0004C997 /* Model */ = {
			isa = PBXGroup;
			children = (
				86B198BE278BE25F0004C997 /* UserInfo.swift */,
				86B198C0278BE25F0004C997 /* CustomCommand.swift */,
				86B198C1278BE25F0004C997 /* RoomInfoList.swift */,
				86B198C2278BE25F0004C997 /* RoomInfo.swift */,
				86B198ED278D27A80004C997 /* OperationCommand.swift */,
				86718CDC2795401B00CEA8A0 /* UserInfoList.swift */,
			);
			path = Model;
			sourceTree = "<group>";
		};
		86B198C6278BE25F0004C997 /* Service */ = {
			isa = PBXGroup;
			children = (
				86B198C7278BE25F0004C997 /* UserService.swift */,
				86718CE627955A0900CEA8A0 /* UserListService.swift */,
				86B198C9278BE25F0004C997 /* RoomService.swift */,
			);
			path = Service;
			sourceTree = "<group>";
		};
		86B198CE278BE2600004C997 /* Tool */ = {
			isa = PBXGroup;
			children = (
				86B198CF278BE2600004C997 /* DictionaryArray.swift */,
				86B198D0278BE2600004C997 /* ZegoJsonTool.swift */,
			);
			path = Tool;
			sourceTree = "<group>";
		};
		86B198EF278D28B20004C997 /* CorePages */ = {
			isa = PBXGroup;
			children = (
				86B19976278D75930004C997 /* Call */,
				86B19975278D756C0004C997 /* User */,
			);
			path = CorePages;
			sourceTree = "<group>";
		};
		86B198F0278D57530004C997 /* Home */ = {
			isa = PBXGroup;
			children = (
				86B198F1278D57B00004C997 /* HomeVC.swift */,
			);
			path = Home;
			sourceTree = "<group>";
		};
		86B198F3278D62420004C997 /* Setting */ = {
			isa = PBXGroup;
			children = (
				86B198F5278D625F0004C997 /* SettingCellModel.swift */,
				86B198F4278D625F0004C997 /* SettingsVC.swift */,
			);
			path = Setting;
			sourceTree = "<group>";
		};
		86B198FB278D63430004C997 /* Helper */ = {
			isa = PBXGroup;
			children = (
				86718CA2279159BA00CEA8A0 /* Refresh */,
				86B198FC278D63430004C997 /* Token */,
				86B19949278D63430004C997 /* MBProgressHUD.h */,
				86B19943278D63430004C997 /* MBProgressHUD.m */,
				86B19945278D63430004C997 /* HUDHelper.swift */,
				86B19944278D63430004C997 /* TipView.xib */,
				86B19946278D63430004C997 /* TipView.swift */,
				86B19947278D63430004C997 /* StringTool.swift */,
				86B19948278D63430004C997 /* ZegoColor.swift */,
				86B1994A278D63430004C997 /* AppToken.swift */,
				86B1994B278D63430004C997 /* String+Head.swift */,
				86B1994C278D63430004C997 /* ZegoTimer.swift */,
				86B1994D278D63430004C997 /* AuthorizedCheck.swift */,
				86B1994E278D63430004C997 /* UIImage+Zego.swift */,
			);
			path = Helper;
			sourceTree = "<group>";
		};
		86B198FC278D63430004C997 /* Token */ = {
			isa = PBXGroup;
			children = (
				86B198FD278D63430004C997 /* ZegoToken.mm */,
				86B198FE278D63430004C997 /* ZegoToken.h */,
				86B198FF278D63430004C997 /* TokenGenerator */,
			);
			path = Token;
			sourceTree = "<group>";
		};
		86B198FF278D63430004C997 /* TokenGenerator */ = {
			isa = PBXGroup;
			children = (
				86B19900278D63430004C997 /* kernel03 */,
				86B19908278D63430004C997 /* kernel04 */,
				86B19910278D63430004C997 /* common */,
			);
			path = TokenGenerator;
			sourceTree = "<group>";
		};
		86B19900278D63430004C997 /* kernel03 */ = {
			isa = PBXGroup;
			children = (
				86B19901278D63430004C997 /* impl */,
				86B19905278D63430004C997 /* include */,
			);
			path = kernel03;
			sourceTree = "<group>";
		};
		86B19901278D63430004C997 /* impl */ = {
			isa = PBXGroup;
			children = (
				86B19902278D63430004C997 /* ZegoRTCServerAssistantImpl.cpp */,
				86B19903278D63430004C997 /* ZegoRTCServerAssistantImpl.h */,
				86B19904278D63430004C997 /* ZegoRTCServerAssistant.cpp */,
			);
			path = impl;
			sourceTree = "<group>";
		};
		86B19905278D63430004C997 /* include */ = {
			isa = PBXGroup;
			children = (
				86B19906278D63430004C997 /* ZegoRTCServerAssistantDefines.h */,
				86B19907278D63430004C997 /* ZegoRTCServerAssistant.h */,
			);
			path = include;
			sourceTree = "<group>";
		};
		86B19908278D63430004C997 /* kernel04 */ = {
			isa = PBXGroup;
			children = (
				86B19909278D63430004C997 /* impl */,
				86B1990D278D63430004C997 /* include */,
			);
			path = kernel04;
			sourceTree = "<group>";
		};
		86B19909278D63430004C997 /* impl */ = {
			isa = PBXGroup;
			children = (
				86B1990A278D63430004C997 /* ZegoServerAssistantImpl.cpp */,
				86B1990B278D63430004C997 /* ZegoServerAssistant.cpp */,
				86B1990C278D63430004C997 /* ZegoServerAssistantImpl.h */,
			);
			path = impl;
			sourceTree = "<group>";
		};
		86B1990D278D63430004C997 /* include */ = {
			isa = PBXGroup;
			children = (
				86B1990E278D63430004C997 /* ZegoServerAssistantDefines.h */,
				86B1990F278D63430004C997 /* ZegoServerAssistant.h */,
			);
			path = include;
			sourceTree = "<group>";
		};
		86B19910278D63430004C997 /* common */ = {
			isa = PBXGroup;
			children = (
				86B19911278D63430004C997 /* rapidjson */,
				86B19938278D63430004C997 /* modules */,
			);
			path = common;
			sourceTree = "<group>";
		};
		86B19911278D63430004C997 /* rapidjson */ = {
			isa = PBXGroup;
			children = (
				86B19912278D63430004C997 /* fwd.h */,
				86B19913278D63430004C997 /* memorystream.h */,
				86B19914278D63430004C997 /* reader.h */,
				86B19915278D63430004C997 /* prettywriter.h */,
				86B19916278D63430004C997 /* ostreamwrapper.h */,
				86B19917278D63430004C997 /* encodedstream.h */,
				86B19918278D63430004C997 /* filereadstream.h */,
				86B19919278D63430004C997 /* istreamwrapper.h */,
				86B1991A278D63430004C997 /* stringbuffer.h */,
				86B1991B278D63430004C997 /* internal */,
				86B19928278D63430004C997 /* encodings.h */,
				86B19929278D63430004C997 /* schema.h */,
				86B1992A278D63430004C997 /* stream.h */,
				86B1992B278D63430004C997 /* filewritestream.h */,
				86B1992C278D63430004C997 /* rapidjson.h */,
				86B1992D278D63430004C997 /* document.h */,
				86B1992E278D63430004C997 /* allocators.h */,
				86B1992F278D63430004C997 /* writer.h */,
				86B19930278D63430004C997 /* error */,
				86B19933278D63430004C997 /* memorybuffer.h */,
				86B19934278D63430004C997 /* pointer.h */,
				86B19935278D63430004C997 /* msinttypes */,
			);
			path = rapidjson;
			sourceTree = "<group>";
		};
		86B1991B278D63430004C997 /* internal */ = {
			isa = PBXGroup;
			children = (
				86B1991C278D63430004C997 /* ieee754.h */,
				86B1991D278D63430004C997 /* strtod.h */,
				86B1991E278D63430004C997 /* swap.h */,
				86B1991F278D63430004C997 /* regex.h */,
				86B19920278D63430004C997 /* diyfp.h */,
				86B19921278D63430004C997 /* biginteger.h */,
				86B19922278D63430004C997 /* strfunc.h */,
				86B19923278D63430004C997 /* itoa.h */,
				86B19924278D63430004C997 /* stack.h */,
				86B19925278D63430004C997 /* dtoa.h */,
				86B19926278D63430004C997 /* meta.h */,
				86B19927278D63430004C997 /* pow10.h */,
			);
			path = internal;
			sourceTree = "<group>";
		};
		86B19930278D63430004C997 /* error */ = {
			isa = PBXGroup;
			children = (
				86B19931278D63430004C997 /* error.h */,
				86B19932278D63430004C997 /* en.h */,
			);
			path = error;
			sourceTree = "<group>";
		};
		86B19935278D63430004C997 /* msinttypes */ = {
			isa = PBXGroup;
			children = (
				86B19936278D63430004C997 /* inttypes.h */,
				86B19937278D63430004C997 /* stdint.h */,
			);
			path = msinttypes;
			sourceTree = "<group>";
		};
		86B19938278D63430004C997 /* modules */ = {
			isa = PBXGroup;
			children = (
				86B19939278D63430004C997 /* common */,
			);
			path = modules;
			sourceTree = "<group>";
		};
		86B19939278D63430004C997 /* common */ = {
			isa = PBXGroup;
			children = (
				86B1993A278D63430004C997 /* json_tools.hpp */,
				86B1993B278D63430004C997 /* CMakeLists.txt */,
				86B1993C278D63430004C997 /* Base64.h */,
				86B1993D278D63430004C997 /* ZegoCrypto.hpp */,
				86B1993E278D63430004C997 /* ZegoCrypto.cpp */,
				86B1993F278D63430004C997 /* crypto-algorithms */,
				86B19942278D63430004C997 /* Base64.cc */,
			);
			path = common;
			sourceTree = "<group>";
		};
		86B1993F278D63430004C997 /* crypto-algorithms */ = {
			isa = PBXGroup;
			children = (
				86B19940278D63430004C997 /* aes.h */,
				86B19941278D63430004C997 /* aes.cpp */,
			);
			path = "crypto-algorithms";
			sourceTree = "<group>";
		};
		86B1996A278D711B0004C997 /* WebPages */ = {
			isa = PBXGroup;
			children = (
				86B19970278D71820004C997 /* GeneralWebVC.swift */,
				86B1997E278D96A80004C997 /* GeneralWebVC.xib */,
			);
			path = WebPages;
			sourceTree = "<group>";
		};
		86B19975278D756C0004C997 /* User */ = {
			isa = PBXGroup;
			children = (
				86B1997B278D76E50004C997 /* Cell */,
				86B19977278D75E00004C997 /* OnlineUserListVC.swift */,
				86B19A072790034B0004C997 /* OnlineUserListVC+Call.swift */,
				86B19979278D75F60004C997 /* User.storyboard */,
			);
			path = User;
			sourceTree = "<group>";
		};
		86B19976278D75930004C997 /* Call */ = {
			isa = PBXGroup;
			children = (
				86DE03C527981AF2000EE3C5 /* CallShow */,
				86718D2B2797E54800CEA8A0 /* Provider */,
				86B19984278EB6C40004C997 /* View */,
				86B19A0F27901B550004C997 /* CallMainVC.swift */,
				86B19A1027901B550004C997 /* CallMainVC.xib */,
				86B19A1627911D740004C997 /* CallMainVC+Operation.swift */,
				86DE03C827983D98000EE3C5 /* CallMainVC+Stream.swift */,
			);
			path = Call;
			sourceTree = "<group>";
		};
		86B1997B278D76E50004C997 /* Cell */ = {
			isa = PBXGroup;
			children = (
				86B1997C278D77280004C997 /* OnlineUserListCell.swift */,
			);
			path = Cell;
			sourceTree = "<group>";
		};
		86B19984278EB6C40004C997 /* View */ = {
			isa = PBXGroup;
			children = (
				86B19985278EB89F0004C997 /* CallAcceptView.swift */,
				86B19987278EB8B20004C997 /* CallAcceptView.xib */,
				86B19989278EBB7D0004C997 /* CallingPhoneView.swift */,
				86B1998B278EBB8C0004C997 /* CallingPhoneView.xib */,
				86B1998D278EBC7E0004C997 /* CallingVideoView.swift */,
				86B1998F278EBC8E0004C997 /* CallingVideoView.xib */,
				86B19991278EBDB20004C997 /* CallingTakeView.swift */,
				86B19993278EBDC10004C997 /* CallingTakeView.xib */,
				86B19995278EC1050004C997 /* CallAcceptTipView.swift */,
				86B19997278EC11C0004C997 /* CallAcceptTipView.xib */,
				86B19A1327901FAF0004C997 /* CallBaseView.swift */,
			);
			path = View;
			sourceTree = "<group>";
		};
		86B19A15279118210004C997 /* Login */ = {
			isa = PBXGroup;
			children = (
				86B19895278BDD7E0004C997 /* LoginVC.swift */,
			);
			path = Login;
			sourceTree = "<group>";
		};
		86DE03C527981AF2000EE3C5 /* CallShow */ = {
			isa = PBXGroup;
			children = (
				86DE03C627981B3D000EE3C5 /* CallUIBusiness.swift */,
			);
			path = CallShow;
			sourceTree = "<group>";
		};
/* End PBXGroup section */

/* Begin PBXNativeTarget section */
		86B1988D278BDD7D0004C997 /* ZEGOCallDemo */ = {
			isa = PBXNativeTarget;
			buildConfigurationList = 86B198A2278BDD7F0004C997 /* Build configuration list for PBXNativeTarget "ZEGOCallDemo" */;
			buildPhases = (
				AEED11D83C65C2DC9A8A38BC /* [CP] Check Pods Manifest.lock */,
				86B1988A278BDD7D0004C997 /* Sources */,
				86B1988B278BDD7D0004C997 /* Frameworks */,
				86B1988C278BDD7D0004C997 /* Resources */,
				C1A1248EF2552A6371EA9A06 /* [CP] Embed Pods Frameworks */,
			);
			buildRules = (
			);
			dependencies = (
			);
			name = ZEGOCallDemo;
			productName = ZEGOCallDemo;
			productReference = 86B1988E278BDD7D0004C997 /* ZEGOCallDemo.app */;
			productType = "com.apple.product-type.application";
		};
/* End PBXNativeTarget section */

/* Begin PBXProject section */
		86B19886278BDD7D0004C997 /* Project object */ = {
			isa = PBXProject;
			attributes = {
				BuildIndependentTargetsInParallel = 1;
				LastSwiftUpdateCheck = 1310;
				LastUpgradeCheck = 1310;
				TargetAttributes = {
					86B1988D278BDD7D0004C997 = {
						CreatedOnToolsVersion = 13.1;
					};
				};
			};
			buildConfigurationList = 86B19889278BDD7D0004C997 /* Build configuration list for PBXProject "ZEGOCallDemo" */;
			compatibilityVersion = "Xcode 13.0";
			developmentRegion = en;
			hasScannedForEncodings = 0;
			knownRegions = (
				en,
				Base,
			);
			mainGroup = 86B19885278BDD7D0004C997;
			productRefGroup = 86B1988F278BDD7D0004C997 /* Products */;
			projectDirPath = "";
			projectRoot = "";
			targets = (
				86B1988D278BDD7D0004C997 /* ZEGOCallDemo */,
			);
		};
/* End PBXProject section */

/* Begin PBXResourcesBuildPhase section */
		86B1988C278BDD7D0004C997 /* Resources */ = {
			isa = PBXResourcesBuildPhase;
			buildActionMask = 2147483647;
			files = (
				86B19988278EB8B20004C997 /* CallAcceptView.xib in Resources */,
				86B19A1227901B550004C997 /* CallMainVC.xib in Resources */,
				86B19959278D63440004C997 /* TipView.xib in Resources */,
				86B198AB278BE1C60004C997 /* AppCenter.json in Resources */,
				86B1989E278BDD7F0004C997 /* LaunchScreen.storyboard in Resources */,
				86B1989B278BDD7F0004C997 /* Assets.xcassets in Resources */,
				86B19998278EC11C0004C997 /* CallAcceptTipView.xib in Resources */,
				86B19899278BDD7E0004C997 /* Main.storyboard in Resources */,
				86B1998C278EBB8C0004C997 /* CallingPhoneView.xib in Resources */,
				86B1997A278D75F60004C997 /* User.storyboard in Resources */,
				86B19990278EBC8E0004C997 /* CallingVideoView.xib in Resources */,
				86B1997F278D96A80004C997 /* GeneralWebVC.xib in Resources */,
				86B19994278EBDC10004C997 /* CallingTakeView.xib in Resources */,
				86B19954278D63440004C997 /* CMakeLists.txt in Resources */,
			);
			runOnlyForDeploymentPostprocessing = 0;
		};
/* End PBXResourcesBuildPhase section */

/* Begin PBXShellScriptBuildPhase section */
		AEED11D83C65C2DC9A8A38BC /* [CP] Check Pods Manifest.lock */ = {
			isa = PBXShellScriptBuildPhase;
			buildActionMask = 2147483647;
			files = (
			);
			inputFileListPaths = (
			);
			inputPaths = (
				"${PODS_PODFILE_DIR_PATH}/Podfile.lock",
				"${PODS_ROOT}/Manifest.lock",
			);
			name = "[CP] Check Pods Manifest.lock";
			outputFileListPaths = (
			);
			outputPaths = (
				"$(DERIVED_FILE_DIR)/Pods-ZEGOCallDemo-checkManifestLockResult.txt",
			);
			runOnlyForDeploymentPostprocessing = 0;
			shellPath = /bin/sh;
			shellScript = "diff \"${PODS_PODFILE_DIR_PATH}/Podfile.lock\" \"${PODS_ROOT}/Manifest.lock\" > /dev/null\nif [ $? != 0 ] ; then\n    # print error to STDERR\n    echo \"error: The sandbox is not in sync with the Podfile.lock. Run 'pod install' or update your CocoaPods installation.\" >&2\n    exit 1\nfi\n# This output is used by Xcode 'outputs' to avoid re-running this script phase.\necho \"SUCCESS\" > \"${SCRIPT_OUTPUT_FILE_0}\"\n";
			showEnvVarsInLog = 0;
		};
		C1A1248EF2552A6371EA9A06 /* [CP] Embed Pods Frameworks */ = {
			isa = PBXShellScriptBuildPhase;
			buildActionMask = 2147483647;
			files = (
			);
			inputFileListPaths = (
				"${PODS_ROOT}/Target Support Files/Pods-ZEGOCallDemo/Pods-ZEGOCallDemo-frameworks-${CONFIGURATION}-input-files.xcfilelist",
			);
			name = "[CP] Embed Pods Frameworks";
			outputFileListPaths = (
				"${PODS_ROOT}/Target Support Files/Pods-ZEGOCallDemo/Pods-ZEGOCallDemo-frameworks-${CONFIGURATION}-output-files.xcfilelist",
			);
			runOnlyForDeploymentPostprocessing = 0;
			shellPath = /bin/sh;
			shellScript = "\"${PODS_ROOT}/Target Support Files/Pods-ZEGOCallDemo/Pods-ZEGOCallDemo-frameworks.sh\"\n";
			showEnvVarsInLog = 0;
		};
/* End PBXShellScriptBuildPhase section */

/* Begin PBXSourcesBuildPhase section */
		86B1988A278BDD7D0004C997 /* Sources */ = {
			isa = PBXSourcesBuildPhase;
			buildActionMask = 2147483647;
			files = (
				86718CE5279542E300CEA8A0 /* HeartBeatRequest.swift in Sources */,
				86B198DE278BE2600004C997 /* CustomCommand.swift in Sources */,
				86718CA627915A5D00CEA8A0 /* RefreshViewAnimator.swift in Sources */,
				86B1995C278D63440004C997 /* StringTool.swift in Sources */,
				86B198DF278BE2600004C997 /* RoomInfoList.swift in Sources */,
				86B198D5278BE2600004C997 /* Result+Zego.swift in Sources */,
				86B1995E278D63440004C997 /* AppToken.swift in Sources */,
				86B19996278EC1050004C997 /* CallAcceptTipView.swift in Sources */,
				86B19A082790034B0004C997 /* OnlineUserListVC+Call.swift in Sources */,
				86B198AC278BE1C60004C997 /* AppCenter.swift in Sources */,
				86718CE12795421200CEA8A0 /* LoginRequest.swift in Sources */,
				86B19955278D63440004C997 /* ZegoCrypto.cpp in Sources */,
				86B1997D278D77280004C997 /* OnlineUserListCell.swift in Sources */,
				86B198D2278BE2600004C997 /* Request.swift in Sources */,
				86B198D3278BE2600004C997 /* RequestStatus.swift in Sources */,
				86B198DC278BE2600004C997 /* UserInfo.swift in Sources */,
				86B19972278D71820004C997 /* GeneralWebVC.swift in Sources */,
				86B1995F278D63440004C997 /* String+Head.swift in Sources */,
				86B198DA278BE2600004C997 /* ZIMManager.swift in Sources */,
				86DE03C727981B3D000EE3C5 /* CallUIBusiness.swift in Sources */,
				86B19964278D63E30004C997 /* AppDefine.swift in Sources */,
				86B198D8278BE2600004C997 /* RoomService+Private.swift in Sources */,
				86B198D7278BE2600004C997 /* UserService+Paramater.swift in Sources */,
				86B19A1427901FAF0004C997 /* CallBaseView.swift in Sources */,
				86B19896278BDD7E0004C997 /* LoginVC.swift in Sources */,
				86718CAC27915ADE00CEA8A0 /* PullToRefresh.swift in Sources */,
				86B19962278D63440004C997 /* UIImage+Zego.swift in Sources */,
				86718CE3279542B100CEA8A0 /* LogoutRequest.swift in Sources */,
				86B198E6278BE2600004C997 /* RoomService.swift in Sources */,
				86DE03C927983D98000EE3C5 /* CallMainVC+Stream.swift in Sources */,
				86718CE727955A0900CEA8A0 /* UserListService.swift in Sources */,
				86718CA827915A8F00CEA8A0 /* DefaultViewAnimator.swift in Sources */,
				86B198D4278BE2600004C997 /* String+Stream.swift in Sources */,
				86B19950278D63440004C997 /* ZegoRTCServerAssistantImpl.cpp in Sources */,
				86B19953278D63440004C997 /* ZegoServerAssistant.cpp in Sources */,
				86B198F6278D625F0004C997 /* SettingsVC.swift in Sources */,
				86B19957278D63440004C997 /* Base64.cc in Sources */,
				86B19961278D63440004C997 /* AuthorizedCheck.swift in Sources */,
				86B198D1278BE2600004C997 /* NetworkManager.swift in Sources */,
				86B19978278D75E00004C997 /* OnlineUserListVC.swift in Sources */,
				86B19992278EBDB20004C997 /* CallingTakeView.swift in Sources */,
				86B19951278D63440004C997 /* ZegoRTCServerAssistant.cpp in Sources */,
				86718CDD2795401B00CEA8A0 /* UserInfoList.swift in Sources */,
				86B198E0278BE2600004C997 /* RoomInfo.swift in Sources */,
				86B19892278BDD7D0004C997 /* AppDelegate.swift in Sources */,
				86B198D6278BE2600004C997 /* UserService+Util.swift in Sources */,
				86718CDB27953E6400CEA8A0 /* UserIDReauest.swift in Sources */,
				86B198EE278D27A80004C997 /* OperationCommand.swift in Sources */,
				86718CAA27915AC100CEA8A0 /* State.swift in Sources */,
				86B198EC278BE2600004C997 /* ZegoJsonTool.swift in Sources */,
				86B198E4278BE2600004C997 /* UserService.swift in Sources */,
				86B19956278D63440004C997 /* aes.cpp in Sources */,
				86B198D9278BE2600004C997 /* RoomManager.swift in Sources */,
				86B1994F278D63440004C997 /* ZegoToken.mm in Sources */,
				86B198F2278D57B00004C997 /* HomeVC.swift in Sources */,
				86B198DB278BE2600004C997 /* Define.swift in Sources */,
				86B19958278D63440004C997 /* MBProgressHUD.m in Sources */,
				86B1995B278D63440004C997 /* TipView.swift in Sources */,
				86B198F7278D625F0004C997 /* SettingCellModel.swift in Sources */,
				86B1998E278EBC7E0004C997 /* CallingVideoView.swift in Sources */,
				86718D2D2797E56D00CEA8A0 /* ProviderDelegate.swift in Sources */,
				86B19986278EB89F0004C997 /* CallAcceptView.swift in Sources */,
				86718CA427915A0B00CEA8A0 /* DefaultRefreshView.swift in Sources */,
				86B198EB278BE2600004C997 /* DictionaryArray.swift in Sources */,
				86B19A1127901B550004C997 /* CallMainVC.swift in Sources */,
				86B19A1727911D740004C997 /* CallMainVC+Operation.swift in Sources */,
				86718CD927953E1700CEA8A0 /* RequestMananger.swift in Sources */,
				86B19960278D63440004C997 /* ZegoTimer.swift in Sources */,
				86718CAE27915B2B00CEA8A0 /* UIScrollView+PullToRefresh.swift in Sources */,
				86B1995A278D63440004C997 /* HUDHelper.swift in Sources */,
				86B1998A278EBB7D0004C997 /* CallingPhoneView.swift in Sources */,
				86718CDF279540EB00CEA8A0 /* UserListRequest.swift in Sources */,
				86B19894278BDD7E0004C997 /* SceneDelegate.swift in Sources */,
				86B1995D278D63440004C997 /* ZegoColor.swift in Sources */,
				86B19952278D63440004C997 /* ZegoServerAssistantImpl.cpp in Sources */,
			);
			runOnlyForDeploymentPostprocessing = 0;
		};
/* End PBXSourcesBuildPhase section */

/* Begin PBXVariantGroup section */
		86B19897278BDD7E0004C997 /* Main.storyboard */ = {
			isa = PBXVariantGroup;
			children = (
				86B19898278BDD7E0004C997 /* Base */,
			);
			name = Main.storyboard;
			sourceTree = "<group>";
		};
		86B1989C278BDD7F0004C997 /* LaunchScreen.storyboard */ = {
			isa = PBXVariantGroup;
			children = (
				86B1989D278BDD7F0004C997 /* Base */,
			);
			name = LaunchScreen.storyboard;
			sourceTree = "<group>";
		};
/* End PBXVariantGroup section */

/* Begin XCBuildConfiguration section */
		86B198A0278BDD7F0004C997 /* Debug */ = {
			isa = XCBuildConfiguration;
			buildSettings = {
				ALWAYS_SEARCH_USER_PATHS = NO;
				CLANG_ANALYZER_NONNULL = YES;
				CLANG_ANALYZER_NUMBER_OBJECT_CONVERSION = YES_AGGRESSIVE;
				CLANG_CXX_LANGUAGE_STANDARD = "gnu++17";
				CLANG_CXX_LIBRARY = "libc++";
				CLANG_ENABLE_MODULES = YES;
				CLANG_ENABLE_OBJC_ARC = YES;
				CLANG_ENABLE_OBJC_WEAK = YES;
				CLANG_WARN_BLOCK_CAPTURE_AUTORELEASING = YES;
				CLANG_WARN_BOOL_CONVERSION = YES;
				CLANG_WARN_COMMA = YES;
				CLANG_WARN_CONSTANT_CONVERSION = YES;
				CLANG_WARN_DEPRECATED_OBJC_IMPLEMENTATIONS = YES;
				CLANG_WARN_DIRECT_OBJC_ISA_USAGE = YES_ERROR;
				CLANG_WARN_DOCUMENTATION_COMMENTS = YES;
				CLANG_WARN_EMPTY_BODY = YES;
				CLANG_WARN_ENUM_CONVERSION = YES;
				CLANG_WARN_INFINITE_RECURSION = YES;
				CLANG_WARN_INT_CONVERSION = YES;
				CLANG_WARN_NON_LITERAL_NULL_CONVERSION = YES;
				CLANG_WARN_OBJC_IMPLICIT_RETAIN_SELF = YES;
				CLANG_WARN_OBJC_LITERAL_CONVERSION = YES;
				CLANG_WARN_OBJC_ROOT_CLASS = YES_ERROR;
				CLANG_WARN_QUOTED_INCLUDE_IN_FRAMEWORK_HEADER = YES;
				CLANG_WARN_RANGE_LOOP_ANALYSIS = YES;
				CLANG_WARN_STRICT_PROTOTYPES = YES;
				CLANG_WARN_SUSPICIOUS_MOVE = YES;
				CLANG_WARN_UNGUARDED_AVAILABILITY = YES_AGGRESSIVE;
				CLANG_WARN_UNREACHABLE_CODE = YES;
				CLANG_WARN__DUPLICATE_METHOD_MATCH = YES;
				COPY_PHASE_STRIP = NO;
				DEBUG_INFORMATION_FORMAT = dwarf;
				ENABLE_STRICT_OBJC_MSGSEND = YES;
				ENABLE_TESTABILITY = YES;
				GCC_C_LANGUAGE_STANDARD = gnu11;
				GCC_DYNAMIC_NO_PIC = NO;
				GCC_NO_COMMON_BLOCKS = YES;
				GCC_OPTIMIZATION_LEVEL = 0;
				GCC_PREPROCESSOR_DEFINITIONS = (
					"DEBUG=1",
					"$(inherited)",
				);
				GCC_WARN_64_TO_32_BIT_CONVERSION = YES;
				GCC_WARN_ABOUT_RETURN_TYPE = YES_ERROR;
				GCC_WARN_UNDECLARED_SELECTOR = YES;
				GCC_WARN_UNINITIALIZED_AUTOS = YES_AGGRESSIVE;
				GCC_WARN_UNUSED_FUNCTION = YES;
				GCC_WARN_UNUSED_VARIABLE = YES;
				IPHONEOS_DEPLOYMENT_TARGET = 15.0;
				MTL_ENABLE_DEBUG_INFO = INCLUDE_SOURCE;
				MTL_FAST_MATH = YES;
				ONLY_ACTIVE_ARCH = YES;
				SDKROOT = iphoneos;
				SWIFT_ACTIVE_COMPILATION_CONDITIONS = DEBUG;
				SWIFT_OPTIMIZATION_LEVEL = "-Onone";
			};
			name = Debug;
		};
		86B198A1278BDD7F0004C997 /* Release */ = {
			isa = XCBuildConfiguration;
			buildSettings = {
				ALWAYS_SEARCH_USER_PATHS = NO;
				CLANG_ANALYZER_NONNULL = YES;
				CLANG_ANALYZER_NUMBER_OBJECT_CONVERSION = YES_AGGRESSIVE;
				CLANG_CXX_LANGUAGE_STANDARD = "gnu++17";
				CLANG_CXX_LIBRARY = "libc++";
				CLANG_ENABLE_MODULES = YES;
				CLANG_ENABLE_OBJC_ARC = YES;
				CLANG_ENABLE_OBJC_WEAK = YES;
				CLANG_WARN_BLOCK_CAPTURE_AUTORELEASING = YES;
				CLANG_WARN_BOOL_CONVERSION = YES;
				CLANG_WARN_COMMA = YES;
				CLANG_WARN_CONSTANT_CONVERSION = YES;
				CLANG_WARN_DEPRECATED_OBJC_IMPLEMENTATIONS = YES;
				CLANG_WARN_DIRECT_OBJC_ISA_USAGE = YES_ERROR;
				CLANG_WARN_DOCUMENTATION_COMMENTS = YES;
				CLANG_WARN_EMPTY_BODY = YES;
				CLANG_WARN_ENUM_CONVERSION = YES;
				CLANG_WARN_INFINITE_RECURSION = YES;
				CLANG_WARN_INT_CONVERSION = YES;
				CLANG_WARN_NON_LITERAL_NULL_CONVERSION = YES;
				CLANG_WARN_OBJC_IMPLICIT_RETAIN_SELF = YES;
				CLANG_WARN_OBJC_LITERAL_CONVERSION = YES;
				CLANG_WARN_OBJC_ROOT_CLASS = YES_ERROR;
				CLANG_WARN_QUOTED_INCLUDE_IN_FRAMEWORK_HEADER = YES;
				CLANG_WARN_RANGE_LOOP_ANALYSIS = YES;
				CLANG_WARN_STRICT_PROTOTYPES = YES;
				CLANG_WARN_SUSPICIOUS_MOVE = YES;
				CLANG_WARN_UNGUARDED_AVAILABILITY = YES_AGGRESSIVE;
				CLANG_WARN_UNREACHABLE_CODE = YES;
				CLANG_WARN__DUPLICATE_METHOD_MATCH = YES;
				COPY_PHASE_STRIP = NO;
				DEBUG_INFORMATION_FORMAT = "dwarf-with-dsym";
				ENABLE_NS_ASSERTIONS = NO;
				ENABLE_STRICT_OBJC_MSGSEND = YES;
				GCC_C_LANGUAGE_STANDARD = gnu11;
				GCC_NO_COMMON_BLOCKS = YES;
				GCC_WARN_64_TO_32_BIT_CONVERSION = YES;
				GCC_WARN_ABOUT_RETURN_TYPE = YES_ERROR;
				GCC_WARN_UNDECLARED_SELECTOR = YES;
				GCC_WARN_UNINITIALIZED_AUTOS = YES_AGGRESSIVE;
				GCC_WARN_UNUSED_FUNCTION = YES;
				GCC_WARN_UNUSED_VARIABLE = YES;
				IPHONEOS_DEPLOYMENT_TARGET = 15.0;
				MTL_ENABLE_DEBUG_INFO = NO;
				MTL_FAST_MATH = YES;
				SDKROOT = iphoneos;
				SWIFT_COMPILATION_MODE = wholemodule;
				SWIFT_OPTIMIZATION_LEVEL = "-O";
				VALIDATE_PRODUCT = YES;
			};
			name = Release;
		};
		86B198A3278BDD7F0004C997 /* Debug */ = {
			isa = XCBuildConfiguration;
			baseConfigurationReference = 95F1BBF3114F32302EC88A9C /* Pods-ZEGOCallDemo.debug.xcconfig */;
			buildSettings = {
				ASSETCATALOG_COMPILER_APPICON_NAME = AppIcon;
				ASSETCATALOG_COMPILER_GLOBAL_ACCENT_COLOR_NAME = AccentColor;
				CODE_SIGN_STYLE = Automatic;
				CURRENT_PROJECT_VERSION = 1;
				DEVELOPMENT_TEAM = B82BHJ5H89;
				GENERATE_INFOPLIST_FILE = YES;
				INFOPLIST_FILE = ZEGOCallDemo/Info.plist;
				INFOPLIST_KEY_NSCameraUsageDescription = "是否允许访问摄像头";
				INFOPLIST_KEY_NSMicrophoneUsageDescription = "是否允许访问麦克风";
				INFOPLIST_KEY_UIApplicationSupportsIndirectInputEvents = YES;
				INFOPLIST_KEY_UILaunchStoryboardName = LaunchScreen;
				INFOPLIST_KEY_UIMainStoryboardFile = Main;
				INFOPLIST_KEY_UISupportedInterfaceOrientations_iPad = "UIInterfaceOrientationPortrait UIInterfaceOrientationPortraitUpsideDown UIInterfaceOrientationLandscapeLeft UIInterfaceOrientationLandscapeRight";
				INFOPLIST_KEY_UISupportedInterfaceOrientations_iPhone = "UIInterfaceOrientationPortrait UIInterfaceOrientationLandscapeLeft UIInterfaceOrientationLandscapeRight";
				IPHONEOS_DEPLOYMENT_TARGET = 15.0;
				LD_RUNPATH_SEARCH_PATHS = (
					"$(inherited)",
					"@executable_path/Frameworks",
				);
				MARKETING_VERSION = 1.0;
				PRODUCT_BUNDLE_IDENTIFIER = im.zego.callDemo;
				PRODUCT_NAME = "$(TARGET_NAME)";
				SWIFT_EMIT_LOC_STRINGS = YES;
				SWIFT_OBJC_BRIDGING_HEADER = "ZEGOCallDemo/ZEGOCallDemo-Bridging-Header.h";
				SWIFT_VERSION = 5.0;
				TARGETED_DEVICE_FAMILY = 1;
			};
			name = Debug;
		};
		86B198A4278BDD7F0004C997 /* Release */ = {
			isa = XCBuildConfiguration;
			baseConfigurationReference = 1FAC22BD21F182989689EBE3 /* Pods-ZEGOCallDemo.release.xcconfig */;
			buildSettings = {
				ASSETCATALOG_COMPILER_APPICON_NAME = AppIcon;
				ASSETCATALOG_COMPILER_GLOBAL_ACCENT_COLOR_NAME = AccentColor;
				CODE_SIGN_STYLE = Automatic;
				CURRENT_PROJECT_VERSION = 1;
				DEVELOPMENT_TEAM = B82BHJ5H89;
				GENERATE_INFOPLIST_FILE = YES;
				INFOPLIST_FILE = ZEGOCallDemo/Info.plist;
				INFOPLIST_KEY_NSCameraUsageDescription = "是否允许访问摄像头";
				INFOPLIST_KEY_NSMicrophoneUsageDescription = "是否允许访问麦克风";
				INFOPLIST_KEY_UIApplicationSupportsIndirectInputEvents = YES;
				INFOPLIST_KEY_UILaunchStoryboardName = LaunchScreen;
				INFOPLIST_KEY_UIMainStoryboardFile = Main;
				INFOPLIST_KEY_UISupportedInterfaceOrientations_iPad = "UIInterfaceOrientationPortrait UIInterfaceOrientationPortraitUpsideDown UIInterfaceOrientationLandscapeLeft UIInterfaceOrientationLandscapeRight";
				INFOPLIST_KEY_UISupportedInterfaceOrientations_iPhone = "UIInterfaceOrientationPortrait UIInterfaceOrientationLandscapeLeft UIInterfaceOrientationLandscapeRight";
				IPHONEOS_DEPLOYMENT_TARGET = 15.0;
				LD_RUNPATH_SEARCH_PATHS = (
					"$(inherited)",
					"@executable_path/Frameworks",
				);
				MARKETING_VERSION = 1.0;
				PRODUCT_BUNDLE_IDENTIFIER = im.zego.callDemo;
				PRODUCT_NAME = "$(TARGET_NAME)";
				SWIFT_EMIT_LOC_STRINGS = YES;
				SWIFT_OBJC_BRIDGING_HEADER = "ZEGOCallDemo/ZEGOCallDemo-Bridging-Header.h";
				SWIFT_VERSION = 5.0;
				TARGETED_DEVICE_FAMILY = 1;
			};
			name = Release;
		};
/* End XCBuildConfiguration section */

/* Begin XCConfigurationList section */
		86B19889278BDD7D0004C997 /* Build configuration list for PBXProject "ZEGOCallDemo" */ = {
			isa = XCConfigurationList;
			buildConfigurations = (
				86B198A0278BDD7F0004C997 /* Debug */,
				86B198A1278BDD7F0004C997 /* Release */,
			);
			defaultConfigurationIsVisible = 0;
			defaultConfigurationName = Release;
		};
		86B198A2278BDD7F0004C997 /* Build configuration list for PBXNativeTarget "ZEGOCallDemo" */ = {
			isa = XCConfigurationList;
			buildConfigurations = (
				86B198A3278BDD7F0004C997 /* Debug */,
				86B198A4278BDD7F0004C997 /* Release */,
			);
			defaultConfigurationIsVisible = 0;
			defaultConfigurationName = Release;
		};
/* End XCConfigurationList section */
	};
	rootObject = 86B19886278BDD7D0004C997 /* Project object */;
}
