PODS:
  - ZegoExpressEngine (2.17.1.1):
    - ZegoExpressEngine/Video (= 2.17.1.1)
  - ZegoExpressEngine/Video (2.17.1.1)

DEPENDENCIES:
  - ZegoExpressEngine

SPEC REPOS:
  trunk:
    - ZegoExpressEngine

SPEC CHECKSUMS:
  ZegoExpressEngine: 718bfb624f56b10ac06705f18f8aba4ab12a4ade

PODFILE CHECKSUM: c48f1b2ee7e9d6f358d56a7cd965a1735c069831

COCOAPODS: 1.11.2
